{
    "name": "backend",
    "version": "1.0.0",
    "lockfileVersion": 2,
    "requires": true,
    "packages": {
      "": {
        "name": "backend",
        "version": "1.0.0",
        "dependencies": {
          "express": "^4.17.1",
          "mongoose": "^5.12.3",
          "dotenv": "^8.2.0"
        }
      },
      "node_modules/express": {
        "version": "4.17.1",
        "resolved": "https://registry.npmjs.org/express/-/express-4.17.1.tgz",
        "integrity": "sha512-M7kVNoGKvIISyU1b8Ot0Od2a+pe5lfQeEBhUL/U4ZczW1uQXr5+tLmsq3d9gLU/E/6fcO1f8P/D+T1Kwj9i5mQ=="
      },
      "node_modules/mongoose": {
        "version": "5.12.3",
        "resolved": "https://registry.npmjs.org/mongoose/-/mongoose-5.12.3.tgz",
        "integrity": "sha512-9ldHbfVZ3K1yD8/JD3Rz0yZBshhzvHMC5e7Y62JtVfF+IkEN5tO+IglsKeDg8osvD1MRlt2vHd3KZp9tIbRmtA=="
      },
      "node_modules/dotenv": {
        "version": "8.2.0",
        "resolved": "https://registry.npmjs.org/dotenv/-/dotenv-8.2.0.tgz",
        "integrity": "sha512-NQ0P4NWm0eiJd4yOhv68o+SRpXsykrYz89We0ik8DF7RZeeSwA++LbW1g8LSyyT7KHlDzvh4W6sEFh7gnG2JfQ=="
      }
    }
  }
  