{
    "name": "frontend",
    "version": "1.0.0",
    "lockfileVersion": 2,
    "requires": true,
    "packages": {
      "": {
        "name": "frontend",
        "version": "1.0.0",
        "dependencies": {
          "react": "^17.0.2",
          "react-dom": "^17.0.2",
          "react-scripts": "4.0.3",
          "axios": "^0.21.1"
        }
      },
      "node_modules/react": {
        "version": "17.0.2",
        "resolved": "https://registry.npmjs.org/react/-/react-17.0.2.tgz",
        "integrity": "sha512-LtpQIvA8E3b6OpvB0Hx0Mn0B7rEd4a5dqZ6D9cB5CkD1g6PFRmCwoPafjfb1tpvSCw9Z3dE7SO/3XNOB0WEOow=="
      },
      "node_modules/react-dom": {
        "version": "17.0.2",
        "resolved": "https://registry.npmjs.org/react-dom/-/react-dom-17.0.2.tgz",
        "integrity": "sha512-5gApQ3oJL+4z3nm6xMxrBLdg4O8dNYUKgIlUzPymdpHbwJ5OTPYSkcQ8eMcQ+Acx9pKaCwB6k3dc33QFs7qJXg=="
      },
      "node_modules/react-scripts": {
        "version": "4.0.3",
        "resolved": "https://registry.npmjs.org/react-scripts/-/react-scripts-4.0.3.tgz",
        "integrity": "sha512-I1FgBztyLfRVGL+XcHJjzChOR7yGF+jofI5ZtI+TtxlD1+S7pJdBhP8JfOsm4Lz3SthR/Xc5mO9f7UpQk9ItkA=="
      },
      "node_modules/axios": {
        "version": "0.21.1",
        "resolved": "https://registry.npmjs.org/axios/-/axios-0.21.1.tgz",
        "integrity": "sha512-ksPiSR+FesPpMOhKse5oZ/9c1ItGIp+8t+mcJ6F6OtxJ8rHzgSN2Xyql92BzG5v6dJ9W+LlpGBv+hSsOhw9a7g=="
      }
    }
  }
  